// !$*UTF8*$!
{
	archiveVersion = 1;
	classes = {
	};
	objectVersion = 56;
	objects = {

/* Begin PBXBuildFile section */
		6B20B4172C07FF7C00CDAC69 /* AppDelegate.swift in Sources */ = {isa = PBXBuildFile; fileRef = 6B20B4162C07FF7C00CDAC69 /* AppDelegate.swift */; };
		6B20B4192C07FF7C00CDAC69 /* SceneDelegate.swift in Sources */ = {isa = PBXBuildFile; fileRef = 6B20B4182C07FF7C00CDAC69 /* SceneDelegate.swift */; };
		6B20B41B2C07FF7C00CDAC69 /* ViewController.swift in Sources */ = {isa = PBXBuildFile; fileRef = 6B20B41A2C07FF7C00CDAC69 /* ViewController.swift */; };
		6B20B41E2C07FF7C00CDAC69 /* Base in Resources */ = {isa = PBXBuildFile; fileRef = 6B20B41D2C07FF7C00CDAC69 /* Base */; };
		6B20B4202C07FF7D00CDAC69 /* Assets.xcassets in Resources */ = {isa = PBXBuildFile; fileRef = 6B20B41F2C07FF7D00CDAC69 /* Assets.xcassets */; };
		6B20B4232C07FF7D00CDAC69 /* Base in Resources */ = {isa = PBXBuildFile; fileRef = 6B20B4222C07FF7D00CDAC69 /* Base */; };
		6B20B42E2C07FF7D00CDAC69 /* YachtDiceTests.swift in Sources */ = {isa = PBXBuildFile; fileRef = 6B20B42D2C07FF7D00CDAC69 /* YachtDiceTests.swift */; };
		6B20B4382C07FF7D00CDAC69 /* YachtDiceUITests.swift in Sources */ = {isa = PBXBuildFile; fileRef = 6B20B4372C07FF7D00CDAC69 /* YachtDiceUITests.swift */; };
		6B20B43A2C07FF7D00CDAC69 /* YachtDiceUITestsLaunchTests.swift in Sources */ = {isa = PBXBuildFile; fileRef = 6B20B4392C07FF7D00CDAC69 /* YachtDiceUITestsLaunchTests.swift */; };
/* End PBXBuildFile section */

/* Begin PBXContainerItemProxy section */
		6B20B42A2C07FF7D00CDAC69 /* PBXContainerItemProxy */ = {
			isa = PBXContainerItemProxy;
			containerPortal = 6B20B40B2C07FF7C00CDAC69 /* Project object */;
			proxyType = 1;
			remoteGlobalIDString = 6B20B4122C07FF7C00CDAC69;
			remoteInfo = YachtDice;
		};
		6B20B4342C07FF7D00CDAC69 /* PBXContainerItemProxy */ = {
			isa = PBXContainerItemProxy;
			containerPortal = 6B20B40B2C07FF7C00CDAC69 /* Project object */;
			proxyType = 1;
			remoteGlobalIDString = 6B20B4122C07FF7C00CDAC69;
			remoteInfo = YachtDice;
		};
/* End PBXContainerItemProxy section */

/* Begin PBXFileReference section */
		6B20B4132C07FF7C00CDAC69 /* YachtDice.app */ = {isa = PBXFileReference; explicitFileType = wrapper.application; includeInIndex = 0; path = YachtDice.app; sourceTree = BUILT_PRODUCTS_DIR; };
		6B20B4162C07FF7C00CDAC69 /* AppDelegate.swift */ = {isa = PBXFileReference; lastKnownFileType = sourcecode.swift; path = AppDelegate.swift; sourceTree = "<group>"; };
		6B20B4182C07FF7C00CDAC69 /* SceneDelegate.swift */ = {isa = PBXFileReference; lastKnownFileType = sourcecode.swift; path = SceneDelegate.swift; sourceTree = "<group>"; };
		6B20B41A2C07FF7C00CDAC69 /* ViewController.swift */ = {isa = PBXFileReference; lastKnownFileType = sourcecode.swift; path = ViewController.swift; sourceTree = "<group>"; };
		6B20B41D2C07FF7C00CDAC69 /* Base */ = {isa = PBXFileReference; lastKnownFileType = file.storyboard; name = Base; path = Base.lproj/Main.storyboard; sourceTree = "<group>"; };
		6B20B41F2C07FF7D00CDAC69 /* Assets.xcassets */ = {isa = PBXFileReference; lastKnownFileType = folder.assetcatalog; path = Assets.xcassets; sourceTree = "<group>"; };
		6B20B4222C07FF7D00CDAC69 /* Base */ = {isa = PBXFileReference; lastKnownFileType = file.storyboard; name = Base; path = Base.lproj/LaunchScreen.storyboard; sourceTree = "<group>"; };
		6B20B4242C07FF7D00CDAC69 /* Info.plist */ = {isa = PBXFileReference; lastKnownFileType = text.plist.xml; path = Info.plist; sourceTree = "<group>"; };
		6B20B4292C07FF7D00CDAC69 /* YachtDiceTests.xctest */ = {isa = PBXFileReference; explicitFileType = wrapper.cfbundle; includeInIndex = 0; path = YachtDiceTests.xctest; sourceTree = BUILT_PRODUCTS_DIR; };
		6B20B42D2C07FF7D00CDAC69 /* YachtDiceTests.swift */ = {isa = PBXFileReference; lastKnownFileType = sourcecode.swift; path = YachtDiceTests.swift; sourceTree = "<group>"; };
		6B20B4332C07FF7D00CDAC69 /* YachtDiceUITests.xctest */ = {isa = PBXFileReference; explicitFileType = wrapper.cfbundle; includeInIndex = 0; path = YachtDiceUITests.xctest; sourceTree = BUILT_PRODUCTS_DIR; };
		6B20B4372C07FF7D00CDAC69 /* YachtDiceUITests.swift */ = {isa = PBXFileReference; lastKnownFileType = sourcecode.swift; path = YachtDiceUITests.swift; sourceTree = "<group>"; };
		6B20B4392C07FF7D00CDAC69 /* YachtDiceUITestsLaunchTests.swift */ = {isa = PBXFileReference; lastKnownFileType = sourcecode.swift; path = YachtDiceUITestsLaunchTests.swift; sourceTree = "<group>"; };
/* End PBXFileReference section */

/* Begin PBXFrameworksBuildPhase section */
		6B20B4102C07FF7C00CDAC69 /* Frameworks */ = {
			isa = PBXFrameworksBuildPhase;
			buildActionMask = 2147483647;
			files = (
			);
			runOnlyForDeploymentPostprocessing = 0;
		};
		6B20B4262C07FF7D00CDAC69 /* Frameworks */ = {
			isa = PBXFrameworksBuildPhase;
			buildActionMask = 2147483647;
			files = (
			);
			runOnlyForDeploymentPostprocessing = 0;
		};
		6B20B4302C07FF7D00CDAC69 /* Frameworks */ = {
			isa = PBXFrameworksBuildPhase;
			buildActionMask = 2147483647;
			files = (
			);
			runOnlyForDeploymentPostprocessing = 0;
		};
/* End PBXFrameworksBuildPhase section */

/* Begin PBXGroup section */
		6B20B40A2C07FF7C00CDAC69 = {
			isa = PBXGroup;
			children = (
				6B20B4152C07FF7C00CDAC69 /* YachtDice */,
				6B20B42C2C07FF7D00CDAC69 /* YachtDiceTests */,
				6B20B4362C07FF7D00CDAC69 /* YachtDiceUITests */,
				6B20B4142C07FF7C00CDAC69 /* Products */,
			);
			sourceTree = "<group>";
		};
		6B20B4142C07FF7C00CDAC69 /* Products */ = {
			isa = PBXGroup;
			children = (
				6B20B4132C07FF7C00CDAC69 /* YachtDice.app */,
				6B20B4292C07FF7D00CDAC69 /* YachtDiceTests.xctest */,
				6B20B4332C07FF7D00CDAC69 /* YachtDiceUITests.xctest */,
			);
			name = Products;
			sourceTree = "<group>";
		};
		6B20B4152C07FF7C00CDAC69 /* YachtDice */ = {
			isa = PBXGroup;
			children = (
				6B20B4162C07FF7C00CDAC69 /* AppDelegate.swift */,
				6B20B4182C07FF7C00CDAC69 /* SceneDelegate.swift */,
				6B20B41A2C07FF7C00CDAC69 /* ViewController.swift */,
				6B20B41C2C07FF7C00CDAC69 /* Main.storyboard */,
				6B20B41F2C07FF7D00CDAC69 /* Assets.xcassets */,
				6B20B4212C07FF7D00CDAC69 /* LaunchScreen.storyboard */,
				6B20B4242C07FF7D00CDAC69 /* Info.plist */,
			);
			path = YachtDice;
			sourceTree = "<group>";
		};
		6B20B42C2C07FF7D00CDAC69 /* YachtDiceTests */ = {
			isa = PBXGroup;
			children = (
				6B20B42D2C07FF7D00CDAC69 /* YachtDiceTests.swift */,
			);
			path = YachtDiceTests;
			sourceTree = "<group>";
		};
		6B20B4362C07FF7D00CDAC69 /* YachtDiceUITests */ = {
			isa = PBXGroup;
			children = (
				6B20B4372C07FF7D00CDAC69 /* YachtDiceUITests.swift */,
				6B20B4392C07FF7D00CDAC69 /* YachtDiceUITestsLaunchTests.swift */,
			);
			path = YachtDiceUITests;
			sourceTree = "<group>";
		};
/* End PBXGroup section */

/* Begin PBXNativeTarget section */
		6B20B4122C07FF7C00CDAC69 /* YachtDice */ = {
			isa = PBXNativeTarget;
			buildConfigurationList = 6B20B43D2C07FF7D00CDAC69 /* Build configuration list for PBXNativeTarget "YachtDice" */;
			buildPhases = (
				6B20B40F2C07FF7C00CDAC69 /* Sources */,
				6B20B4102C07FF7C00CDAC69 /* Frameworks */,
				6B20B4112C07FF7C00CDAC69 /* Resources */,
			);
			buildRules = (
			);
			dependencies = (
			);
			name = YachtDice;
			productName = YachtDice;
			productReference = 6B20B4132C07FF7C00CDAC69 /* YachtDice.app */;
			productType = "com.apple.product-type.application";
		};
		6B20B4282C07FF7D00CDAC69 /* YachtDiceTests */ = {
			isa = PBXNativeTarget;
			buildConfigurationList = 6B20B4402C07FF7D00CDAC69 /* Build configuration list for PBXNativeTarget "YachtDiceTests" */;
			buildPhases = (
				6B20B4252C07FF7D00CDAC69 /* Sources */,
				6B20B4262C07FF7D00CDAC69 /* Frameworks */,
				6B20B4272C07FF7D00CDAC69 /* Resources */,
			);
			buildRules = (
			);
			dependencies = (
				6B20B42B2C07FF7D00CDAC69 /* PBXTargetDependency */,
			);
			name = YachtDiceTests;
			productName = YachtDiceTests;
			productReference = 6B20B4292C07FF7D00CDAC69 /* YachtDiceTests.xctest */;
			productType = "com.apple.product-type.bundle.unit-test";
		};
		6B20B4322C07FF7D00CDAC69 /* YachtDiceUITests */ = {
			isa = PBXNativeTarget;
			buildConfigurationList = 6B20B4432C07FF7D00CDAC69 /* Build configuration list for PBXNativeTarget "YachtDiceUITests" */;
			buildPhases = (
				6B20B42F2C07FF7D00CDAC69 /* Sources */,
				6B20B4302C07FF7D00CDAC69 /* Frameworks */,
				6B20B4312C07FF7D00CDAC69 /* Resources */,
			);
			buildRules = (
			);
			dependencies = (
				6B20B4352C07FF7D00CDAC69 /* PBXTargetDependency */,
			);
			name = YachtDiceUITests;
			productName = YachtDiceUITests;
			productReference = 6B20B4332C07FF7D00CDAC69 /* YachtDiceUITests.xctest */;
			productType = "com.apple.product-type.bundle.ui-testing";
		};
/* End PBXNativeTarget section */

/* Begin PBXProject section */
		6B20B40B2C07FF7C00CDAC69 /* Project object */ = {
			isa = PBXProject;
			attributes = {
				BuildIndependentTargetsInParallel = 1;
				LastSwiftUpdateCheck = 1530;
				LastUpgradeCheck = 1530;
				TargetAttributes = {
					6B20B4122C07FF7C00CDAC69 = {
						CreatedOnToolsVersion = 15.3;
					};
					6B20B4282C07FF7D00CDAC69 = {
						CreatedOnToolsVersion = 15.3;
						TestTargetID = 6B20B4122C07FF7C00CDAC69;
					};
					6B20B4322C07FF7D00CDAC69 = {
						CreatedOnToolsVersion = 15.3;
						TestTargetID = 6B20B4122C07FF7C00CDAC69;
					};
				};
			};
			buildConfigurationList = 6B20B40E2C07FF7C00CDAC69 /* Build configuration list for PBXProject "YachtDice" */;
			compatibilityVersion = "Xcode 14.0";
			developmentRegion = en;
			hasScannedForEncodings = 0;
			knownRegions = (
				en,
				Base,
			);
			mainGroup = 6B20B40A2C07FF7C00CDAC69;
			productRefGroup = 6B20B4142C07FF7C00CDAC69 /* Products */;
			projectDirPath = "";
			projectRoot = "";
			targets = (
				6B20B4122C07FF7C00CDAC69 /* YachtDice */,
				6B20B4282C07FF7D00CDAC69 /* YachtDiceTests */,
				6B20B4322C07FF7D00CDAC69 /* YachtDiceUITests */,
			);
		};
/* End PBXProject section */

/* Begin PBXResourcesBuildPhase section */
		6B20B4112C07FF7C00CDAC69 /* Resources */ = {
			isa = PBXResourcesBuildPhase;
			buildActionMask = 2147483647;
			files = (
				6B20B4202C07FF7D00CDAC69 /* Assets.xcassets in Resources */,
				6B20B4232C07FF7D00CDAC69 /* Base in Resources */,
				6B20B41E2C07FF7C00CDAC69 /* Base in Resources */,
			);
			runOnlyForDeploymentPostprocessing = 0;
		};
		6B20B4272C07FF7D00CDAC69 /* Resources */ = {
			isa = PBXResourcesBuildPhase;
			buildActionMask = 2147483647;
			files = (
			);
			runOnlyForDeploymentPostprocessing = 0;
		};
		6B20B4312C07FF7D00CDAC69 /* Resources */ = {
			isa = PBXResourcesBuildPhase;
			buildActionMask = 2147483647;
			files = (
			);
			runOnlyForDeploymentPostprocessing = 0;
		};
/* End PBXResourcesBuildPhase section */

/* Begin PBXSourcesBuildPhase section */
		6B20B40F2C07FF7C00CDAC69 /* Sources */ = {
			isa = PBXSourcesBuildPhase;
			buildActionMask = 2147483647;
			files = (
				6B20B41B2C07FF7C00CDAC69 /* ViewController.swift in Sources */,
				6B20B4172C07FF7C00CDAC69 /* AppDelegate.swift in Sources */,
				6B20B4192C07FF7C00CDAC69 /* SceneDelegate.swift in Sources */,
			);
			runOnlyForDeploymentPostprocessing = 0;
		};
		6B20B4252C07FF7D00CDAC69 /* Sources */ = {
			isa = PBXSourcesBuildPhase;
			buildActionMask = 2147483647;
			files = (
				6B20B42E2C07FF7D00CDAC69 /* YachtDiceTests.swift in Sources */,
			);
			runOnlyForDeploymentPostprocessing = 0;
		};
		6B20B42F2C07FF7D00CDAC69 /* Sources */ = {
			isa = PBXSourcesBuildPhase;
			buildActionMask = 2147483647;
			files = (
				6B20B4382C07FF7D00CDAC69 /* YachtDiceUITests.swift in Sources */,
				6B20B43A2C07FF7D00CDAC69 /* YachtDiceUITestsLaunchTests.swift in Sources */,
			);
			runOnlyForDeploymentPostprocessing = 0;
		};
/* End PBXSourcesBuildPhase section */

/* Begin PBXTargetDependency section */
		6B20B42B2C07FF7D00CDAC69 /* PBXTargetDependency */ = {
			isa = PBXTargetDependency;
			target = 6B20B4122C07FF7C00CDAC69 /* YachtDice */;
			targetProxy = 6B20B42A2C07FF7D00CDAC69 /* PBXContainerItemProxy */;
		};
		6B20B4352C07FF7D00CDAC69 /* PBXTargetDependency */ = {
			isa = PBXTargetDependency;
			target = 6B20B4122C07FF7C00CDAC69 /* YachtDice */;
			targetProxy = 6B20B4342C07FF7D00CDAC69 /* PBXContainerItemProxy */;
		};
/* End PBXTargetDependency section */

/* Begin PBXVariantGroup section */
		6B20B41C2C07FF7C00CDAC69 /* Main.storyboard */ = {
			isa = PBXVariantGroup;
			children = (
				6B20B41D2C07FF7C00CDAC69 /* Base */,
			);
			name = Main.storyboard;
			sourceTree = "<group>";
		};
		6B20B4212C07FF7D00CDAC69 /* LaunchScreen.storyboard */ = {
			isa = PBXVariantGroup;
			children = (
				6B20B4222C07FF7D00CDAC69 /* Base */,
			);
			name = LaunchScreen.storyboard;
			sourceTree = "<group>";
		};
/* End PBXVariantGroup section */

/* Begin XCBuildConfiguration section */
		6B20B43B2C07FF7D00CDAC69 /* Debug */ = {
			isa = XCBuildConfiguration;
			buildSettings = {
				ALWAYS_SEARCH_USER_PATHS = NO;
				ASSETCATALOG_COMPILER_GENERATE_SWIFT_ASSET_SYMBOL_EXTENSIONS = YES;
				CLANG_ANALYZER_NONNULL = YES;
				CLANG_ANALYZER_NUMBER_OBJECT_CONVERSION = YES_AGGRESSIVE;
				CLANG_CXX_LANGUAGE_STANDARD = "gnu++20";
				CLANG_ENABLE_MODULES = YES;
				CLANG_ENABLE_OBJC_ARC = YES;
				CLANG_ENABLE_OBJC_WEAK = YES;
				CLANG_WARN_BLOCK_CAPTURE_AUTORELEASING = YES;
				CLANG_WARN_BOOL_CONVERSION = YES;
				CLANG_WARN_COMMA = YES;
				CLANG_WARN_CONSTANT_CONVERSION = YES;
				CLANG_WARN_DEPRECATED_OBJC_IMPLEMENTATIONS = YES;
				CLANG_WARN_DIRECT_OBJC_ISA_USAGE = YES_ERROR;
				CLANG_WARN_DOCUMENTATION_COMMENTS = YES;
				CLANG_WARN_EMPTY_BODY = YES;
				CLANG_WARN_ENUM_CONVERSION = YES;
				CLANG_WARN_INFINITE_RECURSION = YES;
				CLANG_WARN_INT_CONVERSION = YES;
				CLANG_WARN_NON_LITERAL_NULL_CONVERSION = YES;
				CLANG_WARN_OBJC_IMPLICIT_RETAIN_SELF = YES;
				CLANG_WARN_OBJC_LITERAL_CONVERSION = YES;
				CLANG_WARN_OBJC_ROOT_CLASS = YES_ERROR;
				CLANG_WARN_QUOTED_INCLUDE_IN_FRAMEWORK_HEADER = YES;
				CLANG_WARN_RANGE_LOOP_ANALYSIS = YES;
				CLANG_WARN_STRICT_PROTOTYPES = YES;
				CLANG_WARN_SUSPICIOUS_MOVE = YES;
				CLANG_WARN_UNGUARDED_AVAILABILITY = YES_AGGRESSIVE;
				CLANG_WARN_UNREACHABLE_CODE = YES;
				CLANG_WARN__DUPLICATE_METHOD_MATCH = YES;
				COPY_PHASE_STRIP = NO;
				DEBUG_INFORMATION_FORMAT = dwarf;
				ENABLE_STRICT_OBJC_MSGSEND = YES;
				ENABLE_TESTABILITY = YES;
				ENABLE_USER_SCRIPT_SANDBOXING = YES;
				GCC_C_LANGUAGE_STANDARD = gnu17;
				GCC_DYNAMIC_NO_PIC = NO;
				GCC_NO_COMMON_BLOCKS = YES;
				GCC_OPTIMIZATION_LEVEL = 0;
				GCC_PREPROCESSOR_DEFINITIONS = (
					"DEBUG=1",
					"$(inherited)",
				);
				GCC_WARN_64_TO_32_BIT_CONVERSION = YES;
				GCC_WARN_ABOUT_RETURN_TYPE = YES_ERROR;
				GCC_WARN_UNDECLARED_SELECTOR = YES;
				GCC_WARN_UNINITIALIZED_AUTOS = YES_AGGRESSIVE;
				GCC_WARN_UNUSED_FUNCTION = YES;
				GCC_WARN_UNUSED_VARIABLE = YES;
				IPHONEOS_DEPLOYMENT_TARGET = 17.4;
				LOCALIZATION_PREFERS_STRING_CATALOGS = YES;
				MTL_ENABLE_DEBUG_INFO = INCLUDE_SOURCE;
				MTL_FAST_MATH = YES;
				ONLY_ACTIVE_ARCH = YES;
				SDKROOT = iphoneos;
				SWIFT_ACTIVE_COMPILATION_CONDITIONS = "DEBUG $(inherited)";
				SWIFT_OPTIMIZATION_LEVEL = "-Onone";
			};
			name = Debug;
		};
		6B20B43C2C07FF7D00CDAC69 /* Release */ = {
			isa = XCBuildConfiguration;
			buildSettings = {
				ALWAYS_SEARCH_USER_PATHS = NO;
				ASSETCATALOG_COMPILER_GENERATE_SWIFT_ASSET_SYMBOL_EXTENSIONS = YES;
				CLANG_ANALYZER_NONNULL = YES;
				CLANG_ANALYZER_NUMBER_OBJECT_CONVERSION = YES_AGGRESSIVE;
				CLANG_CXX_LANGUAGE_STANDARD = "gnu++20";
				CLANG_ENABLE_MODULES = YES;
				CLANG_ENABLE_OBJC_ARC = YES;
				CLANG_ENABLE_OBJC_WEAK = YES;
				CLANG_WARN_BLOCK_CAPTURE_AUTORELEASING = YES;
				CLANG_WARN_BOOL_CONVERSION = YES;
				CLANG_WARN_COMMA = YES;
				CLANG_WARN_CONSTANT_CONVERSION = YES;
				CLANG_WARN_DEPRECATED_OBJC_IMPLEMENTATIONS = YES;
				CLANG_WARN_DIRECT_OBJC_ISA_USAGE = YES_ERROR;
				CLANG_WARN_DOCUMENTATION_COMMENTS = YES;
				CLANG_WARN_EMPTY_BODY = YES;
				CLANG_WARN_ENUM_CONVERSION = YES;
				CLANG_WARN_INFINITE_RECURSION = YES;
				CLANG_WARN_INT_CONVERSION = YES;
				CLANG_WARN_NON_LITERAL_NULL_CONVERSION = YES;
				CLANG_WARN_OBJC_IMPLICIT_RETAIN_SELF = YES;
				CLANG_WARN_OBJC_LITERAL_CONVERSION = YES;
				CLANG_WARN_OBJC_ROOT_CLASS = YES_ERROR;
				CLANG_WARN_QUOTED_INCLUDE_IN_FRAMEWORK_HEADER = YES;
				CLANG_WARN_RANGE_LOOP_ANALYSIS = YES;
				CLANG_WARN_STRICT_PROTOTYPES = YES;
				CLANG_WARN_SUSPICIOUS_MOVE = YES;
				CLANG_WARN_UNGUARDED_AVAILABILITY = YES_AGGRESSIVE;
				CLANG_WARN_UNREACHABLE_CODE = YES;
				CLANG_WARN__DUPLICATE_METHOD_MATCH = YES;
				COPY_PHASE_STRIP = NO;
				DEBUG_INFORMATION_FORMAT = "dwarf-with-dsym";
				ENABLE_NS_ASSERTIONS = NO;
				ENABLE_STRICT_OBJC_MSGSEND = YES;
				ENABLE_USER_SCRIPT_SANDBOXING = YES;
				GCC_C_LANGUAGE_STANDARD = gnu17;
				GCC_NO_COMMON_BLOCKS = YES;
				GCC_WARN_64_TO_32_BIT_CONVERSION = YES;
				GCC_WARN_ABOUT_RETURN_TYPE = YES_ERROR;
				GCC_WARN_UNDECLARED_SELECTOR = YES;
				GCC_WARN_UNINITIALIZED_AUTOS = YES_AGGRESSIVE;
				GCC_WARN_UNUSED_FUNCTION = YES;
				GCC_WARN_UNUSED_VARIABLE = YES;
				IPHONEOS_DEPLOYMENT_TARGET = 17.4;
				LOCALIZATION_PREFERS_STRING_CATALOGS = YES;
				MTL_ENABLE_DEBUG_INFO = NO;
				MTL_FAST_MATH = YES;
				SDKROOT = iphoneos;
				SWIFT_COMPILATION_MODE = wholemodule;
				VALIDATE_PRODUCT = YES;
			};
			name = Release;
		};
		6B20B43E2C07FF7D00CDAC69 /* Debug */ = {
			isa = XCBuildConfiguration;
			buildSettings = {
				ASSETCATALOG_COMPILER_APPICON_NAME = AppIcon;
				ASSETCATALOG_COMPILER_GLOBAL_ACCENT_COLOR_NAME = AccentColor;
				CODE_SIGN_STYLE = Automatic;
				CURRENT_PROJECT_VERSION = 1;
				DEVELOPMENT_TEAM = F8Q3Y446GH;
				GENERATE_INFOPLIST_FILE = YES;
				INFOPLIST_FILE = YachtDice/Info.plist;
				INFOPLIST_KEY_UIApplicationSupportsIndirectInputEvents = YES;
				INFOPLIST_KEY_UILaunchStoryboardName = LaunchScreen;
				INFOPLIST_KEY_UIMainStoryboardFile = Main;
				INFOPLIST_KEY_UISupportedInterfaceOrientations_iPad = "UIInterfaceOrientationPortrait UIInterfaceOrientationPortraitUpsideDown UIInterfaceOrientationLandscapeLeft UIInterfaceOrientationLandscapeRight";
				INFOPLIST_KEY_UISupportedInterfaceOrientations_iPhone = "UIInterfaceOrientationPortrait UIInterfaceOrientationLandscapeLeft UIInterfaceOrientationLandscapeRight";
				LD_RUNPATH_SEARCH_PATHS = (
					"$(inherited)",
					"@executable_path/Frameworks",
				);
				MARKETING_VERSION = 1.0;
				PRODUCT_BUNDLE_IDENTIFIER = beom.YachtDice;
				PRODUCT_NAME = "$(TARGET_NAME)";
				SWIFT_EMIT_LOC_STRINGS = YES;
				SWIFT_VERSION = 5.0;
				TARGETED_DEVICE_FAMILY = "1,2";
			};
			name = Debug;
		};
		6B20B43F2C07FF7D00CDAC69 /* Release */ = {
			isa = XCBuildConfiguration;
			buildSettings = {
				ASSETCATALOG_COMPILER_APPICON_NAME = AppIcon;
				ASSETCATALOG_COMPILER_GLOBAL_ACCENT_COLOR_NAME = AccentColor;
				CODE_SIGN_STYLE = Automatic;
				CURRENT_PROJECT_VERSION = 1;
				DEVELOPMENT_TEAM = F8Q3Y446GH;
				GENERATE_INFOPLIST_FILE = YES;
				INFOPLIST_FILE = YachtDice/Info.plist;
				INFOPLIST_KEY_UIApplicationSupportsIndirectInputEvents = YES;
				INFOPLIST_KEY_UILaunchStoryboardName = LaunchScreen;
				INFOPLIST_KEY_UIMainStoryboardFile = Main;
				INFOPLIST_KEY_UISupportedInterfaceOrientations_iPad = "UIInterfaceOrientationPortrait UIInterfaceOrientationPortraitUpsideDown UIInterfaceOrientationLandscapeLeft UIInterfaceOrientationLandscapeRight";
				INFOPLIST_KEY_UISupportedInterfaceOrientations_iPhone = "UIInterfaceOrientationPortrait UIInterfaceOrientationLandscapeLeft UIInterfaceOrientationLandscapeRight";
				LD_RUNPATH_SEARCH_PATHS = (
					"$(inherited)",
					"@executable_path/Frameworks",
				);
				MARKETING_VERSION = 1.0;
				PRODUCT_BUNDLE_IDENTIFIER = beom.YachtDice;
				PRODUCT_NAME = "$(TARGET_NAME)";
				SWIFT_EMIT_LOC_STRINGS = YES;
				SWIFT_VERSION = 5.0;
				TARGETED_DEVICE_FAMILY = "1,2";
			};
			name = Release;
		};
		6B20B4412C07FF7D00CDAC69 /* Debug */ = {
			isa = XCBuildConfiguration;
			buildSettings = {
				ALWAYS_EMBED_SWIFT_STANDARD_LIBRARIES = YES;
				BUNDLE_LOADER = "$(TEST_HOST)";
				CODE_SIGN_STYLE = Automatic;
				CURRENT_PROJECT_VERSION = 1;
				DEVELOPMENT_TEAM = F8Q3Y446GH;
				GENERATE_INFOPLIST_FILE = YES;
				IPHONEOS_DEPLOYMENT_TARGET = 17.4;
				MARKETING_VERSION = 1.0;
				PRODUCT_BUNDLE_IDENTIFIER = beom.YachtDiceTests;
				PRODUCT_NAME = "$(TARGET_NAME)";
				SWIFT_EMIT_LOC_STRINGS = NO;
				SWIFT_VERSION = 5.0;
				TARGETED_DEVICE_FAMILY = "1,2";
				TEST_HOST = "$(BUILT_PRODUCTS_DIR)/YachtDice.app/$(BUNDLE_EXECUTABLE_FOLDER_PATH)/YachtDice";
			};
			name = Debug;
		};
		6B20B4422C07FF7D00CDAC69 /* Release */ = {
			isa = XCBuildConfiguration;
			buildSettings = {
				ALWAYS_EMBED_SWIFT_STANDARD_LIBRARIES = YES;
				BUNDLE_LOADER = "$(TEST_HOST)";
				CODE_SIGN_STYLE = Automatic;
				CURRENT_PROJECT_VERSION = 1;
				DEVELOPMENT_TEAM = F8Q3Y446GH;
				GENERATE_INFOPLIST_FILE = YES;
				IPHONEOS_DEPLOYMENT_TARGET = 17.4;
				MARKETING_VERSION = 1.0;
				PRODUCT_BUNDLE_IDENTIFIER = beom.YachtDiceTests;
				PRODUCT_NAME = "$(TARGET_NAME)";
				SWIFT_EMIT_LOC_STRINGS = NO;
				SWIFT_VERSION = 5.0;
				TARGETED_DEVICE_FAMILY = "1,2";
				TEST_HOST = "$(BUILT_PRODUCTS_DIR)/YachtDice.app/$(BUNDLE_EXECUTABLE_FOLDER_PATH)/YachtDice";
			};
			name = Release;
		};
		6B20B4442C07FF7D00CDAC69 /* Debug */ = {
			isa = XCBuildConfiguration;
			buildSettings = {
				ALWAYS_EMBED_SWIFT_STANDARD_LIBRARIES = YES;
				CODE_SIGN_STYLE = Automatic;
				CURRENT_PROJECT_VERSION = 1;
				DEVELOPMENT_TEAM = F8Q3Y446GH;
				GENERATE_INFOPLIST_FILE = YES;
				MARKETING_VERSION = 1.0;
				PRODUCT_BUNDLE_IDENTIFIER = beom.YachtDiceUITests;
				PRODUCT_NAME = "$(TARGET_NAME)";
				SWIFT_EMIT_LOC_STRINGS = NO;
				SWIFT_VERSION = 5.0;
				TARGETED_DEVICE_FAMILY = "1,2";
				TEST_TARGET_NAME = YachtDice;
			};
			name = Debug;
		};
		6B20B4452C07FF7D00CDAC69 /* Release */ = {
			isa = XCBuildConfiguration;
			buildSettings = {
				ALWAYS_EMBED_SWIFT_STANDARD_LIBRARIES = YES;
				CODE_SIGN_STYLE = Automatic;
				CURRENT_PROJECT_VERSION = 1;
				DEVELOPMENT_TEAM = F8Q3Y446GH;
				GENERATE_INFOPLIST_FILE = YES;
				MARKETING_VERSION = 1.0;
				PRODUCT_BUNDLE_IDENTIFIER = beom.YachtDiceUITests;
				PRODUCT_NAME = "$(TARGET_NAME)";
				SWIFT_EMIT_LOC_STRINGS = NO;
				SWIFT_VERSION = 5.0;
				TARGETED_DEVICE_FAMILY = "1,2";
				TEST_TARGET_NAME = YachtDice;
			};
			name = Release;
		};
/* End XCBuildConfiguration section */

/* Begin XCConfigurationList section */
		6B20B40E2C07FF7C00CDAC69 /* Build configuration list for PBXProject "YachtDice" */ = {
			isa = XCConfigurationList;
			buildConfigurations = (
				6B20B43B2C07FF7D00CDAC69 /* Debug */,
				6B20B43C2C07FF7D00CDAC69 /* Release */,
			);
			defaultConfigurationIsVisible = 0;
			defaultConfigurationName = Release;
		};
		6B20B43D2C07FF7D00CDAC69 /* Build configuration list for PBXNativeTarget "YachtDice" */ = {
			isa = XCConfigurationList;
			buildConfigurations = (
				6B20B43E2C07FF7D00CDAC69 /* Debug */,
				6B20B43F2C07FF7D00CDAC69 /* Release */,
			);
			defaultConfigurationIsVisible = 0;
			defaultConfigurationName = Release;
		};
		6B20B4402C07FF7D00CDAC69 /* Build configuration list for PBXNativeTarget "YachtDiceTests" */ = {
			isa = XCConfigurationList;
			buildConfigurations = (
				6B20B4412C07FF7D00CDAC69 /* Debug */,
				6B20B4422C07FF7D00CDAC69 /* Release */,
			);
			defaultConfigurationIsVisible = 0;
			defaultConfigurationName = Release;
		};
		6B20B4432C07FF7D00CDAC69 /* Build configuration list for PBXNativeTarget "YachtDiceUITests" */ = {
			isa = XCConfigurationList;
			buildConfigurations = (
				6B20B4442C07FF7D00CDAC69 /* Debug */,
				6B20B4452C07FF7D00CDAC69 /* Release */,
			);
			defaultConfigurationIsVisible = 0;
			defaultConfigurationName = Release;
		};
/* End XCConfigurationList section */
	};
	rootObject = 6B20B40B2C07FF7C00CDAC69 /* Project object */;
}
